
Microsoft Visual Studio Solution File, Format Version 12.00
# Visual Studio Version 17
VisualStudioVersion = 17.5.2.0
MinimumVisualStudioVersion = 10.0.40219.1
Project("{2150E333-8FDC-42A3-9474-1A3956D46DE8}") = "Chapter_01", "Chapter_01", "{59CAEA31-4096-7F28-CF1D-73A1B359F9C6}"
EndProject
Project("{FAE04EC0-301F-11D3-BF4B-00C04F79EFBC}") = "TopLevelProgram", "Chapter_01\TopLevelProgram\TopLevelProgram.csproj", "{E2A042FE-F180-C58D-4603-B098BE2E12F8}"
EndProject
Project("{2150E333-8FDC-42A3-9474-1A3956D46DE8}") = "Chapter_02", "Chapter_02", "{17E4BE37-DF7D-7D64-86D1-11F9AEBAA624}"
EndProject
Project("{FAE04EC0-301F-11D3-BF4B-00C04F79EFBC}") = "Vocabulary", "Chapter_02\Vocabulary\Vocabulary.csproj", "{9DFA4CE6-9129-4886-86B2-E902E60D48A9}"
EndProject
Project("{FAE04EC0-301F-11D3-BF4B-00C04F79EFBC}") = "Numbers", "Chapter_02\Numbers\Numbers.csproj", "{5E4C0B60-28C2-4F24-8FD7-5CC0F32C010D}"
EndProject
Project("{FAE04EC0-301F-11D3-BF4B-00C04F79EFBC}") = "Variables", "Chapter_02\Variables\Variables.csproj", "{2CD154E9-EEB2-4C64-ADEC-D86BF1CA5C4C}"
EndProject
Project("{FAE04EC0-301F-11D3-BF4B-00C04F79EFBC}") = "Formatting", "Chapter_02\Formatting\Formatting.csproj", "{B6A848DE-D2BB-403C-A6AF-788A7431A0DA}"
EndProject
Project("{FAE04EC0-301F-11D3-BF4B-00C04F79EFBC}") = "Arguments", "Chapter_02\Arguments\Arguments.csproj", "{8B763333-C58E-4776-B6D3-36F17C428CCF}"
EndProject
Project("{2150E333-8FDC-42A3-9474-1A3956D46DE8}") = "Chapter_03", "Chapter_03", "{512DD082-EDAA-172F-0C57-B2A2D1BF164A}"
EndProject
Project("{FAE04EC0-301F-11D3-BF4B-00C04F79EFBC}") = "Operators", "Chapter_03\Operators\Operators.csproj", "{A2C379EB-4955-45AD-83E1-2187573006CD}"
EndProject
Project("{FAE04EC0-301F-11D3-BF4B-00C04F79EFBC}") = "BooleanOperators", "Chapter_03\BooleanOperators\BooleanOperators.csproj", "{B14DE4DF-512A-4041-84B7-3D43EC4F8D4E}"
EndProject
Project("{FAE04EC0-301F-11D3-BF4B-00C04F79EFBC}") = "BitwiseAndShiftOperators", "Chapter_03\BitwiseAndShiftOperators\BitwiseAndShiftOperators.csproj", "{7862869F-D4B2-4754-A84D-DFC80DD214F0}"
EndProject
Project("{FAE04EC0-301F-11D3-BF4B-00C04F79EFBC}") = "SelectionStatements", "Chapter_03\SelectionStatements\SelectionStatements.csproj", "{175A67E6-9BDC-4081-BF72-F5BBB92A8B03}"
EndProject
Project("{FAE04EC0-301F-11D3-BF4B-00C04F79EFBC}") = "IterationStatements", "Chapter_03\IterationStatements\IterationStatements.csproj", "{3B08692E-B34C-4BBD-8D88-7EEDAE55185C}"
EndProject
Project("{FAE04EC0-301F-11D3-BF4B-00C04F79EFBC}") = "CastingConverting", "Chapter_03\CastingConverting\CastingConverting.csproj", "{B6297492-29CF-4FE4-AE52-B849D07AE65A}"
EndProject
Project("{FAE04EC0-301F-11D3-BF4B-00C04F79EFBC}") = "HandlingExceptions", "Chapter_03\HandlingExceptions\HandlingExceptions.csproj", "{C59E07D4-23F8-4C82-BC7C-BD7299EFBE78}"
EndProject
Project("{FAE04EC0-301F-11D3-BF4B-00C04F79EFBC}") = "CheckingForOverflow", "Chapter_03\CheckingForOverflow\CheckingForOverflow.csproj", "{4F196441-29F3-4EED-BB67-1A4B499EEF7C}"
EndProject
Project("{2150E333-8FDC-42A3-9474-1A3956D46DE8}") = "Chapter_04", "Chapter_04", "{A8F5A690-D9F9-54FE-C989-930DE2913FDC}"
EndProject
Project("{FAE04EC0-301F-11D3-BF4B-00C04F79EFBC}") = "WritingFunctions", "Chapter_04\WritingFunctions\WritingFunctions.csproj", "{61A1E729-05D2-4B5B-A59C-E35AA38DEDF7}"
EndProject
Project("{FAE04EC0-301F-11D3-BF4B-00C04F79EFBC}") = "Debugging", "Chapter_04\Debugging\Debugging.csproj", "{394CA221-B4B2-426F-B878-FCA71AC7E03B}"
EndProject
Project("{FAE04EC0-301F-11D3-BF4B-00C04F79EFBC}") = "Instrumenting", "Chapter_04\Instrumenting\Instrumenting.csproj", "{1CB9C06B-E0BA-4E18-9AFE-78943515C52B}"
EndProject
Project("{FAE04EC0-301F-11D3-BF4B-00C04F79EFBC}") = "CalculatorLib", "Chapter_04\CalculatorLib\CalculatorLib.csproj", "{EECCF458-B674-4BCC-8BE3-63804303B930}"
EndProject
Project("{FAE04EC0-301F-11D3-BF4B-00C04F79EFBC}") = "CalculatorLibV1", "Chapter_04\CalculatorLibV1\CalculatorLibV1.csproj", "{D21C2E86-4633-4EB1-8FAB-3FD9DB4FE216}"
EndProject
Project("{FAE04EC0-301F-11D3-BF4B-00C04F79EFBC}") = "CalculatorLibUnitTests", "Chapter_04\CalculatorLibUnitTests\CalculatorLibUnitTests.csproj", "{D46A046C-A29A-4844-9D77-C46823B5B04D}"
EndProject
Project("{FAE04EC0-301F-11D3-BF4B-00C04F79EFBC}") = "CallStackExceptionHandlingLib", "Chapter_04\CallStackExceptionHandlingLib\CallStackExceptionHandlingLib.csproj", "{1C8C972F-FF3D-4873-8AC2-3B4754BA70D9}"
EndProject
Project("{FAE04EC0-301F-11D3-BF4B-00C04F79EFBC}") = "CallStackExceptionHandling", "Chapter_04\CallStackExceptionHandling\CallStackExceptionHandling.csproj", "{A16FE077-792F-45B1-9745-F94AB1E044E9}"
EndProject
Project("{2150E333-8FDC-42A3-9474-1A3956D46DE8}") = "Chapter_05", "Chapter_05", "{6F75CAE1-0C42-F5E8-8AD2-40D99B1A9D74}"
EndProject
Project("{FAE04EC0-301F-11D3-BF4B-00C04F79EFBC}") = "LibV1", "Chapter_05\LibV1\LibV1.csproj", "{2698CF98-A98F-45FD-8AEE-01CDB8C71BE2}"
EndProject
Project("{FAE04EC0-301F-11D3-BF4B-00C04F79EFBC}") = "PeopleApp", "Chapter_05\PeopleApp\PeopleApp.csproj", "{91FD80BF-7127-467A-9E1E-78F58A97914B}"
EndProject
Project("{FAE04EC0-301F-11D3-BF4B-00C04F79EFBC}") = "LibModernV1", "Chapter_05\LibModernV1\LibModernV1.csproj", "{C9A6046A-19AD-4A23-A8F7-C2919EEB2D87}"
EndProject
Project("{FAE04EC0-301F-11D3-BF4B-00C04F79EFBC}") = "PeopleAppV2", "Chapter_05\PeopleAppV2\PeopleAppV2.csproj", "{A99A7B33-112F-445C-82DE-89A1FB193634}"
EndProject
Project("{2150E333-8FDC-42A3-9474-1A3956D46DE8}") = "Chapter_06", "Chapter_06", "{9B84280F-5814-58CB-A639-D885E59A34AD}"
EndProject
Project("{FAE04EC0-301F-11D3-BF4B-00C04F79EFBC}") = "LibC06V1", "Chapter_06\LibC06V1\LibC06V1.csproj", "{7C081CCC-3D5F-4767-92F0-DE7CA35B8448}"
EndProject
Project("{FAE04EC0-301F-11D3-BF4B-00C04F79EFBC}") = "PeopleAppC06", "Chapter_06\PeopleAppC06\PeopleAppC06.csproj", "{9C22C95F-386B-4B95-8F61-E40853A1583B}"
EndProject
Project("{FAE04EC0-301F-11D3-BF4B-00C04F79EFBC}") = "NullHandling", "Chapter_06\NullHandling\NullHandling.csproj", "{9D402F3B-FC30-42D8-B97B-E0FE4625AA54}"
EndProject
Project("{FAE04EC0-301F-11D3-BF4B-00C04F79EFBC}") = "CodeAnalyzing", "Chapter_06\CodeAnalyzing\CodeAnalyzing.csproj", "{79B9A86E-ADB8-48E9-B1DA-93C18600B5AD}"
EndProject
Project("{FAE04EC0-301F-11D3-BF4B-00C04F79EFBC}") = "Exercise02", "Chapter_06\Exercise02\Exercise02.csproj", "{1A438C27-F39F-41FA-8A4C-8FB26CB45C53}"
EndProject
Project("{2150E333-8FDC-42A3-9474-1A3956D46DE8}") = "Chapter_07", "Chapter_07", "{7F29BA97-E352-F406-4DD6-EB84EFE882EB}"
EndProject
Project("{FAE04EC0-301F-11D3-BF4B-00C04F79EFBC}") = "AssembliesAndNamespaces", "Chapter_07\AssembliesAndNamespaces\AssembliesAndNamespaces.csproj", "{06409C18-B1FE-4EEE-BD00-211E77E38467}"
EndProject
Project("{FAE04EC0-301F-11D3-BF4B-00C04F79EFBC}") = "DotNetEverywhere", "Chapter_07\DotNetEverywhere\DotNetEverywhere.csproj", "{327AA11A-A917-4B84-A00F-A74E4D3204E0}"
EndProject
Project("{FAE04EC0-301F-11D3-BF4B-00C04F79EFBC}") = "SharedLibrary", "Chapter_07\SharedLibrary\SharedLibrary.csproj", "{E1B53B66-432C-4F32-98BE-F42004DDDBB8}"
EndProject
Project("{FAE04EC0-301F-11D3-BF4B-00C04F79EFBC}") = "UsingPreviewFeatures", "Chapter_07\UsingPreviewFeatures\UsingPreviewFeatures.csproj", "{ED045675-8DB2-49F7-B49C-E4DE26799329}"
EndProject
Project("{2150E333-8FDC-42A3-9474-1A3956D46DE8}") = "Chapter_08", "Chapter_08", "{5E1EDC01-9AB9-497A-3175-DA8143C62406}"
EndProject
Project("{FAE04EC0-301F-11D3-BF4B-00C04F79EFBC}") = "WorkingWithNumbers", "Chapter_08\WorkingWithNumbers\WorkingWithNumbers.csproj", "{0FE60AFE-3FEA-4CB1-A071-AE9289AEBF89}"
EndProject
Project("{FAE04EC0-301F-11D3-BF4B-00C04F79EFBC}") = "WorkingWithText", "Chapter_08\WorkingWithText\WorkingWithText.csproj", "{5E8C3706-4D50-4815-86E4-991A11340803}"
EndProject
Project("{FAE04EC0-301F-11D3-BF4B-00C04F79EFBC}") = "WorkingWithRanges", "Chapter_08\WorkingWithRanges\WorkingWithRanges.csproj", "{3B9C58A1-ABFB-4C01-928E-010295DAC9BF}"
EndProject
Project("{FAE04EC0-301F-11D3-BF4B-00C04F79EFBC}") = "WorkingWithNetworkResources", "Chapter_08\WorkingWithNetworkResources\WorkingWithNetworkResources.csproj", "{9D685C37-F3E8-43A2-9335-BB8AF597C25F}"
EndProject
Project("{FAE04EC0-301F-11D3-BF4B-00C04F79EFBC}") = "WorkingWithReflection", "Chapter_08\WorkingWithReflection\WorkingWithReflection.csproj", "{7BAD3055-E25E-44C4-88E7-3CF0B652A803}"
EndProject
Project("{FAE04EC0-301F-11D3-BF4B-00C04F79EFBC}") = "WorkingWithImages", "Chapter_08\WorkingWithImages\WorkingWithImages.csproj", "{49258BD7-0785-4519-B913-88250FD8FB8A}"
EndProject
Project("{FAE04EC0-301F-11D3-BF4B-00C04F79EFBC}") = "Internationalization", "Chapter_08\Internationalization\Internationalization.csproj", "{55C23D45-723A-45C1-8B19-4D07B0734EBF}"
EndProject
Project("{2150E333-8FDC-42A3-9474-1A3956D46DE8}") = "Chapter_09", "Chapter_09", "{28CA6542-F502-F1FA-3398-F0FBE2296E1B}"
EndProject
Project("{FAE04EC0-301F-11D3-BF4B-00C04F79EFBC}") = "WorkingWithFileSystems", "Chapter_09\WorkingWithFileSystems\WorkingWithFileSystems.csproj", "{86417342-1A56-4AF7-BC37-E718F58711F3}"
EndProject
Project("{FAE04EC0-301F-11D3-BF4B-00C04F79EFBC}") = "WorkingWithStreams", "Chapter_09\WorkingWithStreams\WorkingWithStreams.csproj", "{BDDF54C9-4294-47B9-8F04-83C2B8E38817}"
EndProject
Project("{FAE04EC0-301F-11D3-BF4B-00C04F79EFBC}") = "WorkingWithEncodings", "Chapter_09\WorkingWithEncodings\WorkingWithEncodings.csproj", "{CC77B591-10E5-4107-B477-FE66C14DCCF1}"
EndProject
Project("{FAE04EC0-301F-11D3-BF4B-00C04F79EFBC}") = "WorkingWithSerialization", "Chapter_09\WorkingWithSerialization\WorkingWithSerialization.csproj", "{1F7A7BBB-DB91-45F1-B2D4-7EA2A73E0011}"
EndProject
Project("{FAE04EC0-301F-11D3-BF4B-00C04F79EFBC}") = "WorkingWithJson", "Chapter_09\WorkingWithJson\WorkingWithJson.csproj", "{F5701FAA-8593-48BA-A0AD-1CB981C7C106}"
EndProject
Global
	GlobalSection(SolutionConfigurationPlatforms) = preSolution
		Debug|Any CPU = Debug|Any CPU
		Debug|x64 = Debug|x64
		Debug|x86 = Debug|x86
		Release|Any CPU = Release|Any CPU
		Release|x64 = Release|x64
		Release|x86 = Release|x86
	EndGlobalSection
	GlobalSection(ProjectConfigurationPlatforms) = postSolution
		{E2A042FE-F180-C58D-4603-B098BE2E12F8}.Debug|Any CPU.ActiveCfg = Debug|Any CPU
		{E2A042FE-F180-C58D-4603-B098BE2E12F8}.Debug|Any CPU.Build.0 = Debug|Any CPU
		{E2A042FE-F180-C58D-4603-B098BE2E12F8}.Debug|x64.ActiveCfg = Debug|Any CPU
		{E2A042FE-F180-C58D-4603-B098BE2E12F8}.Debug|x64.Build.0 = Debug|Any CPU
		{E2A042FE-F180-C58D-4603-B098BE2E12F8}.Debug|x86.ActiveCfg = Debug|Any CPU
		{E2A042FE-F180-C58D-4603-B098BE2E12F8}.Debug|x86.Build.0 = Debug|Any CPU
		{E2A042FE-F180-C58D-4603-B098BE2E12F8}.Release|Any CPU.ActiveCfg = Release|Any CPU
		{E2A042FE-F180-C58D-4603-B098BE2E12F8}.Release|Any CPU.Build.0 = Release|Any CPU
		{E2A042FE-F180-C58D-4603-B098BE2E12F8}.Release|x64.ActiveCfg = Release|Any CPU
		{E2A042FE-F180-C58D-4603-B098BE2E12F8}.Release|x64.Build.0 = Release|Any CPU
		{E2A042FE-F180-C58D-4603-B098BE2E12F8}.Release|x86.ActiveCfg = Release|Any CPU
		{E2A042FE-F180-C58D-4603-B098BE2E12F8}.Release|x86.Build.0 = Release|Any CPU
		{9DFA4CE6-9129-4886-86B2-E902E60D48A9}.Debug|Any CPU.ActiveCfg = Debug|Any CPU
		{9DFA4CE6-9129-4886-86B2-E902E60D48A9}.Debug|Any CPU.Build.0 = Debug|Any CPU
		{9DFA4CE6-9129-4886-86B2-E902E60D48A9}.Debug|x64.ActiveCfg = Debug|Any CPU
		{9DFA4CE6-9129-4886-86B2-E902E60D48A9}.Debug|x64.Build.0 = Debug|Any CPU
		{9DFA4CE6-9129-4886-86B2-E902E60D48A9}.Debug|x86.ActiveCfg = Debug|Any CPU
		{9DFA4CE6-9129-4886-86B2-E902E60D48A9}.Debug|x86.Build.0 = Debug|Any CPU
		{9DFA4CE6-9129-4886-86B2-E902E60D48A9}.Release|Any CPU.ActiveCfg = Release|Any CPU
		{9DFA4CE6-9129-4886-86B2-E902E60D48A9}.Release|Any CPU.Build.0 = Release|Any CPU
		{9DFA4CE6-9129-4886-86B2-E902E60D48A9}.Release|x64.ActiveCfg = Release|Any CPU
		{9DFA4CE6-9129-4886-86B2-E902E60D48A9}.Release|x64.Build.0 = Release|Any CPU
		{9DFA4CE6-9129-4886-86B2-E902E60D48A9}.Release|x86.ActiveCfg = Release|Any CPU
		{9DFA4CE6-9129-4886-86B2-E902E60D48A9}.Release|x86.Build.0 = Release|Any CPU
		{5E4C0B60-28C2-4F24-8FD7-5CC0F32C010D}.Debug|Any CPU.ActiveCfg = Debug|Any CPU
		{5E4C0B60-28C2-4F24-8FD7-5CC0F32C010D}.Debug|Any CPU.Build.0 = Debug|Any CPU
		{5E4C0B60-28C2-4F24-8FD7-5CC0F32C010D}.Debug|x64.ActiveCfg = Debug|Any CPU
		{5E4C0B60-28C2-4F24-8FD7-5CC0F32C010D}.Debug|x64.Build.0 = Debug|Any CPU
		{5E4C0B60-28C2-4F24-8FD7-5CC0F32C010D}.Debug|x86.ActiveCfg = Debug|Any CPU
		{5E4C0B60-28C2-4F24-8FD7-5CC0F32C010D}.Debug|x86.Build.0 = Debug|Any CPU
		{5E4C0B60-28C2-4F24-8FD7-5CC0F32C010D}.Release|Any CPU.ActiveCfg = Release|Any CPU
		{5E4C0B60-28C2-4F24-8FD7-5CC0F32C010D}.Release|Any CPU.Build.0 = Release|Any CPU
		{5E4C0B60-28C2-4F24-8FD7-5CC0F32C010D}.Release|x64.ActiveCfg = Release|Any CPU
		{5E4C0B60-28C2-4F24-8FD7-5CC0F32C010D}.Release|x64.Build.0 = Release|Any CPU
		{5E4C0B60-28C2-4F24-8FD7-5CC0F32C010D}.Release|x86.ActiveCfg = Release|Any CPU
		{5E4C0B60-28C2-4F24-8FD7-5CC0F32C010D}.Release|x86.Build.0 = Release|Any CPU
		{2CD154E9-EEB2-4C64-ADEC-D86BF1CA5C4C}.Debug|Any CPU.ActiveCfg = Debug|Any CPU
		{2CD154E9-EEB2-4C64-ADEC-D86BF1CA5C4C}.Debug|Any CPU.Build.0 = Debug|Any CPU
		{2CD154E9-EEB2-4C64-ADEC-D86BF1CA5C4C}.Debug|x64.ActiveCfg = Debug|Any CPU
		{2CD154E9-EEB2-4C64-ADEC-D86BF1CA5C4C}.Debug|x64.Build.0 = Debug|Any CPU
		{2CD154E9-EEB2-4C64-ADEC-D86BF1CA5C4C}.Debug|x86.ActiveCfg = Debug|Any CPU
		{2CD154E9-EEB2-4C64-ADEC-D86BF1CA5C4C}.Debug|x86.Build.0 = Debug|Any CPU
		{2CD154E9-EEB2-4C64-ADEC-D86BF1CA5C4C}.Release|Any CPU.ActiveCfg = Release|Any CPU
		{2CD154E9-EEB2-4C64-ADEC-D86BF1CA5C4C}.Release|Any CPU.Build.0 = Release|Any CPU
		{2CD154E9-EEB2-4C64-ADEC-D86BF1CA5C4C}.Release|x64.ActiveCfg = Release|Any CPU
		{2CD154E9-EEB2-4C64-ADEC-D86BF1CA5C4C}.Release|x64.Build.0 = Release|Any CPU
		{2CD154E9-EEB2-4C64-ADEC-D86BF1CA5C4C}.Release|x86.ActiveCfg = Release|Any CPU
		{2CD154E9-EEB2-4C64-ADEC-D86BF1CA5C4C}.Release|x86.Build.0 = Release|Any CPU
		{B6A848DE-D2BB-403C-A6AF-788A7431A0DA}.Debug|Any CPU.ActiveCfg = Debug|Any CPU
		{B6A848DE-D2BB-403C-A6AF-788A7431A0DA}.Debug|Any CPU.Build.0 = Debug|Any CPU
		{B6A848DE-D2BB-403C-A6AF-788A7431A0DA}.Debug|x64.ActiveCfg = Debug|Any CPU
		{B6A848DE-D2BB-403C-A6AF-788A7431A0DA}.Debug|x64.Build.0 = Debug|Any CPU
		{B6A848DE-D2BB-403C-A6AF-788A7431A0DA}.Debug|x86.ActiveCfg = Debug|Any CPU
		{B6A848DE-D2BB-403C-A6AF-788A7431A0DA}.Debug|x86.Build.0 = Debug|Any CPU
		{B6A848DE-D2BB-403C-A6AF-788A7431A0DA}.Release|Any CPU.ActiveCfg = Release|Any CPU
		{B6A848DE-D2BB-403C-A6AF-788A7431A0DA}.Release|Any CPU.Build.0 = Release|Any CPU
		{B6A848DE-D2BB-403C-A6AF-788A7431A0DA}.Release|x64.ActiveCfg = Release|Any CPU
		{B6A848DE-D2BB-403C-A6AF-788A7431A0DA}.Release|x64.Build.0 = Release|Any CPU
		{B6A848DE-D2BB-403C-A6AF-788A7431A0DA}.Release|x86.ActiveCfg = Release|Any CPU
		{B6A848DE-D2BB-403C-A6AF-788A7431A0DA}.Release|x86.Build.0 = Release|Any CPU
		{8B763333-C58E-4776-B6D3-36F17C428CCF}.Debug|Any CPU.ActiveCfg = Debug|Any CPU
		{8B763333-C58E-4776-B6D3-36F17C428CCF}.Debug|Any CPU.Build.0 = Debug|Any CPU
		{8B763333-C58E-4776-B6D3-36F17C428CCF}.Debug|x64.ActiveCfg = Debug|Any CPU
		{8B763333-C58E-4776-B6D3-36F17C428CCF}.Debug|x64.Build.0 = Debug|Any CPU
		{8B763333-C58E-4776-B6D3-36F17C428CCF}.Debug|x86.ActiveCfg = Debug|Any CPU
		{8B763333-C58E-4776-B6D3-36F17C428CCF}.Debug|x86.Build.0 = Debug|Any CPU
		{8B763333-C58E-4776-B6D3-36F17C428CCF}.Release|Any CPU.ActiveCfg = Release|Any CPU
		{8B763333-C58E-4776-B6D3-36F17C428CCF}.Release|Any CPU.Build.0 = Release|Any CPU
		{8B763333-C58E-4776-B6D3-36F17C428CCF}.Release|x64.ActiveCfg = Release|Any CPU
		{8B763333-C58E-4776-B6D3-36F17C428CCF}.Release|x64.Build.0 = Release|Any CPU
		{8B763333-C58E-4776-B6D3-36F17C428CCF}.Release|x86.ActiveCfg = Release|Any CPU
		{8B763333-C58E-4776-B6D3-36F17C428CCF}.Release|x86.Build.0 = Release|Any CPU
		{A2C379EB-4955-45AD-83E1-2187573006CD}.Debug|Any CPU.ActiveCfg = Debug|Any CPU
		{A2C379EB-4955-45AD-83E1-2187573006CD}.Debug|Any CPU.Build.0 = Debug|Any CPU
		{A2C379EB-4955-45AD-83E1-2187573006CD}.Debug|x64.ActiveCfg = Debug|Any CPU
		{A2C379EB-4955-45AD-83E1-2187573006CD}.Debug|x64.Build.0 = Debug|Any CPU
		{A2C379EB-4955-45AD-83E1-2187573006CD}.Debug|x86.ActiveCfg = Debug|Any CPU
		{A2C379EB-4955-45AD-83E1-2187573006CD}.Debug|x86.Build.0 = Debug|Any CPU
		{A2C379EB-4955-45AD-83E1-2187573006CD}.Release|Any CPU.ActiveCfg = Release|Any CPU
		{A2C379EB-4955-45AD-83E1-2187573006CD}.Release|Any CPU.Build.0 = Release|Any CPU
		{A2C379EB-4955-45AD-83E1-2187573006CD}.Release|x64.ActiveCfg = Release|Any CPU
		{A2C379EB-4955-45AD-83E1-2187573006CD}.Release|x64.Build.0 = Release|Any CPU
		{A2C379EB-4955-45AD-83E1-2187573006CD}.Release|x86.ActiveCfg = Release|Any CPU
		{A2C379EB-4955-45AD-83E1-2187573006CD}.Release|x86.Build.0 = Release|Any CPU
		{B14DE4DF-512A-4041-84B7-3D43EC4F8D4E}.Debug|Any CPU.ActiveCfg = Debug|Any CPU
		{B14DE4DF-512A-4041-84B7-3D43EC4F8D4E}.Debug|Any CPU.Build.0 = Debug|Any CPU
		{B14DE4DF-512A-4041-84B7-3D43EC4F8D4E}.Debug|x64.ActiveCfg = Debug|Any CPU
		{B14DE4DF-512A-4041-84B7-3D43EC4F8D4E}.Debug|x64.Build.0 = Debug|Any CPU
		{B14DE4DF-512A-4041-84B7-3D43EC4F8D4E}.Debug|x86.ActiveCfg = Debug|Any CPU
		{B14DE4DF-512A-4041-84B7-3D43EC4F8D4E}.Debug|x86.Build.0 = Debug|Any CPU
		{B14DE4DF-512A-4041-84B7-3D43EC4F8D4E}.Release|Any CPU.ActiveCfg = Release|Any CPU
		{B14DE4DF-512A-4041-84B7-3D43EC4F8D4E}.Release|Any CPU.Build.0 = Release|Any CPU
		{B14DE4DF-512A-4041-84B7-3D43EC4F8D4E}.Release|x64.ActiveCfg = Release|Any CPU
		{B14DE4DF-512A-4041-84B7-3D43EC4F8D4E}.Release|x64.Build.0 = Release|Any CPU
		{B14DE4DF-512A-4041-84B7-3D43EC4F8D4E}.Release|x86.ActiveCfg = Release|Any CPU
		{B14DE4DF-512A-4041-84B7-3D43EC4F8D4E}.Release|x86.Build.0 = Release|Any CPU
		{7862869F-D4B2-4754-A84D-DFC80DD214F0}.Debug|Any CPU.ActiveCfg = Debug|Any CPU
		{7862869F-D4B2-4754-A84D-DFC80DD214F0}.Debug|Any CPU.Build.0 = Debug|Any CPU
		{7862869F-D4B2-4754-A84D-DFC80DD214F0}.Debug|x64.ActiveCfg = Debug|Any CPU
		{7862869F-D4B2-4754-A84D-DFC80DD214F0}.Debug|x64.Build.0 = Debug|Any CPU
		{7862869F-D4B2-4754-A84D-DFC80DD214F0}.Debug|x86.ActiveCfg = Debug|Any CPU
		{7862869F-D4B2-4754-A84D-DFC80DD214F0}.Debug|x86.Build.0 = Debug|Any CPU
		{7862869F-D4B2-4754-A84D-DFC80DD214F0}.Release|Any CPU.ActiveCfg = Release|Any CPU
		{7862869F-D4B2-4754-A84D-DFC80DD214F0}.Release|Any CPU.Build.0 = Release|Any CPU
		{7862869F-D4B2-4754-A84D-DFC80DD214F0}.Release|x64.ActiveCfg = Release|Any CPU
		{7862869F-D4B2-4754-A84D-DFC80DD214F0}.Release|x64.Build.0 = Release|Any CPU
		{7862869F-D4B2-4754-A84D-DFC80DD214F0}.Release|x86.ActiveCfg = Release|Any CPU
		{7862869F-D4B2-4754-A84D-DFC80DD214F0}.Release|x86.Build.0 = Release|Any CPU
		{175A67E6-9BDC-4081-BF72-F5BBB92A8B03}.Debug|Any CPU.ActiveCfg = Debug|Any CPU
		{175A67E6-9BDC-4081-BF72-F5BBB92A8B03}.Debug|Any CPU.Build.0 = Debug|Any CPU
		{175A67E6-9BDC-4081-BF72-F5BBB92A8B03}.Debug|x64.ActiveCfg = Debug|Any CPU
		{175A67E6-9BDC-4081-BF72-F5BBB92A8B03}.Debug|x64.Build.0 = Debug|Any CPU
		{175A67E6-9BDC-4081-BF72-F5BBB92A8B03}.Debug|x86.ActiveCfg = Debug|Any CPU
		{175A67E6-9BDC-4081-BF72-F5BBB92A8B03}.Debug|x86.Build.0 = Debug|Any CPU
		{175A67E6-9BDC-4081-BF72-F5BBB92A8B03}.Release|Any CPU.ActiveCfg = Release|Any CPU
		{175A67E6-9BDC-4081-BF72-F5BBB92A8B03}.Release|Any CPU.Build.0 = Release|Any CPU
		{175A67E6-9BDC-4081-BF72-F5BBB92A8B03}.Release|x64.ActiveCfg = Release|Any CPU
		{175A67E6-9BDC-4081-BF72-F5BBB92A8B03}.Release|x64.Build.0 = Release|Any CPU
		{175A67E6-9BDC-4081-BF72-F5BBB92A8B03}.Release|x86.ActiveCfg = Release|Any CPU
		{175A67E6-9BDC-4081-BF72-F5BBB92A8B03}.Release|x86.Build.0 = Release|Any CPU
		{3B08692E-B34C-4BBD-8D88-7EEDAE55185C}.Debug|Any CPU.ActiveCfg = Debug|Any CPU
		{3B08692E-B34C-4BBD-8D88-7EEDAE55185C}.Debug|Any CPU.Build.0 = Debug|Any CPU
		{3B08692E-B34C-4BBD-8D88-7EEDAE55185C}.Debug|x64.ActiveCfg = Debug|Any CPU
		{3B08692E-B34C-4BBD-8D88-7EEDAE55185C}.Debug|x64.Build.0 = Debug|Any CPU
		{3B08692E-B34C-4BBD-8D88-7EEDAE55185C}.Debug|x86.ActiveCfg = Debug|Any CPU
		{3B08692E-B34C-4BBD-8D88-7EEDAE55185C}.Debug|x86.Build.0 = Debug|Any CPU
		{3B08692E-B34C-4BBD-8D88-7EEDAE55185C}.Release|Any CPU.ActiveCfg = Release|Any CPU
		{3B08692E-B34C-4BBD-8D88-7EEDAE55185C}.Release|Any CPU.Build.0 = Release|Any CPU
		{3B08692E-B34C-4BBD-8D88-7EEDAE55185C}.Release|x64.ActiveCfg = Release|Any CPU
		{3B08692E-B34C-4BBD-8D88-7EEDAE55185C}.Release|x64.Build.0 = Release|Any CPU
		{3B08692E-B34C-4BBD-8D88-7EEDAE55185C}.Release|x86.ActiveCfg = Release|Any CPU
		{3B08692E-B34C-4BBD-8D88-7EEDAE55185C}.Release|x86.Build.0 = Release|Any CPU
		{B6297492-29CF-4FE4-AE52-B849D07AE65A}.Debug|Any CPU.ActiveCfg = Debug|Any CPU
		{B6297492-29CF-4FE4-AE52-B849D07AE65A}.Debug|Any CPU.Build.0 = Debug|Any CPU
		{B6297492-29CF-4FE4-AE52-B849D07AE65A}.Debug|x64.ActiveCfg = Debug|Any CPU
		{B6297492-29CF-4FE4-AE52-B849D07AE65A}.Debug|x64.Build.0 = Debug|Any CPU
		{B6297492-29CF-4FE4-AE52-B849D07AE65A}.Debug|x86.ActiveCfg = Debug|Any CPU
		{B6297492-29CF-4FE4-AE52-B849D07AE65A}.Debug|x86.Build.0 = Debug|Any CPU
		{B6297492-29CF-4FE4-AE52-B849D07AE65A}.Release|Any CPU.ActiveCfg = Release|Any CPU
		{B6297492-29CF-4FE4-AE52-B849D07AE65A}.Release|Any CPU.Build.0 = Release|Any CPU
		{B6297492-29CF-4FE4-AE52-B849D07AE65A}.Release|x64.ActiveCfg = Release|Any CPU
		{B6297492-29CF-4FE4-AE52-B849D07AE65A}.Release|x64.Build.0 = Release|Any CPU
		{B6297492-29CF-4FE4-AE52-B849D07AE65A}.Release|x86.ActiveCfg = Release|Any CPU
		{B6297492-29CF-4FE4-AE52-B849D07AE65A}.Release|x86.Build.0 = Release|Any CPU
		{C59E07D4-23F8-4C82-BC7C-BD7299EFBE78}.Debug|Any CPU.ActiveCfg = Debug|Any CPU
		{C59E07D4-23F8-4C82-BC7C-BD7299EFBE78}.Debug|Any CPU.Build.0 = Debug|Any CPU
		{C59E07D4-23F8-4C82-BC7C-BD7299EFBE78}.Debug|x64.ActiveCfg = Debug|Any CPU
		{C59E07D4-23F8-4C82-BC7C-BD7299EFBE78}.Debug|x64.Build.0 = Debug|Any CPU
		{C59E07D4-23F8-4C82-BC7C-BD7299EFBE78}.Debug|x86.ActiveCfg = Debug|Any CPU
		{C59E07D4-23F8-4C82-BC7C-BD7299EFBE78}.Debug|x86.Build.0 = Debug|Any CPU
		{C59E07D4-23F8-4C82-BC7C-BD7299EFBE78}.Release|Any CPU.ActiveCfg = Release|Any CPU
		{C59E07D4-23F8-4C82-BC7C-BD7299EFBE78}.Release|Any CPU.Build.0 = Release|Any CPU
		{C59E07D4-23F8-4C82-BC7C-BD7299EFBE78}.Release|x64.ActiveCfg = Release|Any CPU
		{C59E07D4-23F8-4C82-BC7C-BD7299EFBE78}.Release|x64.Build.0 = Release|Any CPU
		{C59E07D4-23F8-4C82-BC7C-BD7299EFBE78}.Release|x86.ActiveCfg = Release|Any CPU
		{C59E07D4-23F8-4C82-BC7C-BD7299EFBE78}.Release|x86.Build.0 = Release|Any CPU
		{4F196441-29F3-4EED-BB67-1A4B499EEF7C}.Debug|Any CPU.ActiveCfg = Debug|Any CPU
		{4F196441-29F3-4EED-BB67-1A4B499EEF7C}.Debug|Any CPU.Build.0 = Debug|Any CPU
		{4F196441-29F3-4EED-BB67-1A4B499EEF7C}.Debug|x64.ActiveCfg = Debug|Any CPU
		{4F196441-29F3-4EED-BB67-1A4B499EEF7C}.Debug|x64.Build.0 = Debug|Any CPU
		{4F196441-29F3-4EED-BB67-1A4B499EEF7C}.Debug|x86.ActiveCfg = Debug|Any CPU
		{4F196441-29F3-4EED-BB67-1A4B499EEF7C}.Debug|x86.Build.0 = Debug|Any CPU
		{4F196441-29F3-4EED-BB67-1A4B499EEF7C}.Release|Any CPU.ActiveCfg = Release|Any CPU
		{4F196441-29F3-4EED-BB67-1A4B499EEF7C}.Release|Any CPU.Build.0 = Release|Any CPU
		{4F196441-29F3-4EED-BB67-1A4B499EEF7C}.Release|x64.ActiveCfg = Release|Any CPU
		{4F196441-29F3-4EED-BB67-1A4B499EEF7C}.Release|x64.Build.0 = Release|Any CPU
		{4F196441-29F3-4EED-BB67-1A4B499EEF7C}.Release|x86.ActiveCfg = Release|Any CPU
		{4F196441-29F3-4EED-BB67-1A4B499EEF7C}.Release|x86.Build.0 = Release|Any CPU
		{61A1E729-05D2-4B5B-A59C-E35AA38DEDF7}.Debug|Any CPU.ActiveCfg = Debug|Any CPU
		{61A1E729-05D2-4B5B-A59C-E35AA38DEDF7}.Debug|Any CPU.Build.0 = Debug|Any CPU
		{61A1E729-05D2-4B5B-A59C-E35AA38DEDF7}.Debug|x64.ActiveCfg = Debug|Any CPU
		{61A1E729-05D2-4B5B-A59C-E35AA38DEDF7}.Debug|x64.Build.0 = Debug|Any CPU
		{61A1E729-05D2-4B5B-A59C-E35AA38DEDF7}.Debug|x86.ActiveCfg = Debug|Any CPU
		{61A1E729-05D2-4B5B-A59C-E35AA38DEDF7}.Debug|x86.Build.0 = Debug|Any CPU
		{61A1E729-05D2-4B5B-A59C-E35AA38DEDF7}.Release|Any CPU.ActiveCfg = Release|Any CPU
		{61A1E729-05D2-4B5B-A59C-E35AA38DEDF7}.Release|Any CPU.Build.0 = Release|Any CPU
		{61A1E729-05D2-4B5B-A59C-E35AA38DEDF7}.Release|x64.ActiveCfg = Release|Any CPU
		{61A1E729-05D2-4B5B-A59C-E35AA38DEDF7}.Release|x64.Build.0 = Release|Any CPU
		{61A1E729-05D2-4B5B-A59C-E35AA38DEDF7}.Release|x86.ActiveCfg = Release|Any CPU
		{61A1E729-05D2-4B5B-A59C-E35AA38DEDF7}.Release|x86.Build.0 = Release|Any CPU
		{394CA221-B4B2-426F-B878-FCA71AC7E03B}.Debug|Any CPU.ActiveCfg = Debug|Any CPU
		{394CA221-B4B2-426F-B878-FCA71AC7E03B}.Debug|Any CPU.Build.0 = Debug|Any CPU
		{394CA221-B4B2-426F-B878-FCA71AC7E03B}.Debug|x64.ActiveCfg = Debug|Any CPU
		{394CA221-B4B2-426F-B878-FCA71AC7E03B}.Debug|x64.Build.0 = Debug|Any CPU
		{394CA221-B4B2-426F-B878-FCA71AC7E03B}.Debug|x86.ActiveCfg = Debug|Any CPU
		{394CA221-B4B2-426F-B878-FCA71AC7E03B}.Debug|x86.Build.0 = Debug|Any CPU
		{394CA221-B4B2-426F-B878-FCA71AC7E03B}.Release|Any CPU.ActiveCfg = Release|Any CPU
		{394CA221-B4B2-426F-B878-FCA71AC7E03B}.Release|Any CPU.Build.0 = Release|Any CPU
		{394CA221-B4B2-426F-B878-FCA71AC7E03B}.Release|x64.ActiveCfg = Release|Any CPU
		{394CA221-B4B2-426F-B878-FCA71AC7E03B}.Release|x64.Build.0 = Release|Any CPU
		{394CA221-B4B2-426F-B878-FCA71AC7E03B}.Release|x86.ActiveCfg = Release|Any CPU
		{394CA221-B4B2-426F-B878-FCA71AC7E03B}.Release|x86.Build.0 = Release|Any CPU
		{1CB9C06B-E0BA-4E18-9AFE-78943515C52B}.Debug|Any CPU.ActiveCfg = Debug|Any CPU
		{1CB9C06B-E0BA-4E18-9AFE-78943515C52B}.Debug|Any CPU.Build.0 = Debug|Any CPU
		{1CB9C06B-E0BA-4E18-9AFE-78943515C52B}.Debug|x64.ActiveCfg = Debug|Any CPU
		{1CB9C06B-E0BA-4E18-9AFE-78943515C52B}.Debug|x64.Build.0 = Debug|Any CPU
		{1CB9C06B-E0BA-4E18-9AFE-78943515C52B}.Debug|x86.ActiveCfg = Debug|Any CPU
		{1CB9C06B-E0BA-4E18-9AFE-78943515C52B}.Debug|x86.Build.0 = Debug|Any CPU
		{1CB9C06B-E0BA-4E18-9AFE-78943515C52B}.Release|Any CPU.ActiveCfg = Release|Any CPU
		{1CB9C06B-E0BA-4E18-9AFE-78943515C52B}.Release|Any CPU.Build.0 = Release|Any CPU
		{1CB9C06B-E0BA-4E18-9AFE-78943515C52B}.Release|x64.ActiveCfg = Release|Any CPU
		{1CB9C06B-E0BA-4E18-9AFE-78943515C52B}.Release|x64.Build.0 = Release|Any CPU
		{1CB9C06B-E0BA-4E18-9AFE-78943515C52B}.Release|x86.ActiveCfg = Release|Any CPU
		{1CB9C06B-E0BA-4E18-9AFE-78943515C52B}.Release|x86.Build.0 = Release|Any CPU
		{EECCF458-B674-4BCC-8BE3-63804303B930}.Debug|Any CPU.ActiveCfg = Debug|Any CPU
		{EECCF458-B674-4BCC-8BE3-63804303B930}.Debug|Any CPU.Build.0 = Debug|Any CPU
		{EECCF458-B674-4BCC-8BE3-63804303B930}.Debug|x64.ActiveCfg = Debug|Any CPU
		{EECCF458-B674-4BCC-8BE3-63804303B930}.Debug|x64.Build.0 = Debug|Any CPU
		{EECCF458-B674-4BCC-8BE3-63804303B930}.Debug|x86.ActiveCfg = Debug|Any CPU
		{EECCF458-B674-4BCC-8BE3-63804303B930}.Debug|x86.Build.0 = Debug|Any CPU
		{EECCF458-B674-4BCC-8BE3-63804303B930}.Release|Any CPU.ActiveCfg = Release|Any CPU
		{EECCF458-B674-4BCC-8BE3-63804303B930}.Release|Any CPU.Build.0 = Release|Any CPU
		{EECCF458-B674-4BCC-8BE3-63804303B930}.Release|x64.ActiveCfg = Release|Any CPU
		{EECCF458-B674-4BCC-8BE3-63804303B930}.Release|x64.Build.0 = Release|Any CPU
		{EECCF458-B674-4BCC-8BE3-63804303B930}.Release|x86.ActiveCfg = Release|Any CPU
		{EECCF458-B674-4BCC-8BE3-63804303B930}.Release|x86.Build.0 = Release|Any CPU
		{D21C2E86-4633-4EB1-8FAB-3FD9DB4FE216}.Debug|Any CPU.ActiveCfg = Debug|Any CPU
		{D21C2E86-4633-4EB1-8FAB-3FD9DB4FE216}.Debug|Any CPU.Build.0 = Debug|Any CPU
		{D21C2E86-4633-4EB1-8FAB-3FD9DB4FE216}.Debug|x64.ActiveCfg = Debug|Any CPU
		{D21C2E86-4633-4EB1-8FAB-3FD9DB4FE216}.Debug|x64.Build.0 = Debug|Any CPU
		{D21C2E86-4633-4EB1-8FAB-3FD9DB4FE216}.Debug|x86.ActiveCfg = Debug|Any CPU
		{D21C2E86-4633-4EB1-8FAB-3FD9DB4FE216}.Debug|x86.Build.0 = Debug|Any CPU
		{D21C2E86-4633-4EB1-8FAB-3FD9DB4FE216}.Release|Any CPU.ActiveCfg = Release|Any CPU
		{D21C2E86-4633-4EB1-8FAB-3FD9DB4FE216}.Release|Any CPU.Build.0 = Release|Any CPU
		{D21C2E86-4633-4EB1-8FAB-3FD9DB4FE216}.Release|x64.ActiveCfg = Release|Any CPU
		{D21C2E86-4633-4EB1-8FAB-3FD9DB4FE216}.Release|x64.Build.0 = Release|Any CPU
		{D21C2E86-4633-4EB1-8FAB-3FD9DB4FE216}.Release|x86.ActiveCfg = Release|Any CPU
		{D21C2E86-4633-4EB1-8FAB-3FD9DB4FE216}.Release|x86.Build.0 = Release|Any CPU
		{D46A046C-A29A-4844-9D77-C46823B5B04D}.Debug|Any CPU.ActiveCfg = Debug|Any CPU
		{D46A046C-A29A-4844-9D77-C46823B5B04D}.Debug|Any CPU.Build.0 = Debug|Any CPU
		{D46A046C-A29A-4844-9D77-C46823B5B04D}.Debug|x64.ActiveCfg = Debug|Any CPU
		{D46A046C-A29A-4844-9D77-C46823B5B04D}.Debug|x64.Build.0 = Debug|Any CPU
		{D46A046C-A29A-4844-9D77-C46823B5B04D}.Debug|x86.ActiveCfg = Debug|Any CPU
		{D46A046C-A29A-4844-9D77-C46823B5B04D}.Debug|x86.Build.0 = Debug|Any CPU
		{D46A046C-A29A-4844-9D77-C46823B5B04D}.Release|Any CPU.ActiveCfg = Release|Any CPU
		{D46A046C-A29A-4844-9D77-C46823B5B04D}.Release|Any CPU.Build.0 = Release|Any CPU
		{D46A046C-A29A-4844-9D77-C46823B5B04D}.Release|x64.ActiveCfg = Release|Any CPU
		{D46A046C-A29A-4844-9D77-C46823B5B04D}.Release|x64.Build.0 = Release|Any CPU
		{D46A046C-A29A-4844-9D77-C46823B5B04D}.Release|x86.ActiveCfg = Release|Any CPU
		{D46A046C-A29A-4844-9D77-C46823B5B04D}.Release|x86.Build.0 = Release|Any CPU
		{1C8C972F-FF3D-4873-8AC2-3B4754BA70D9}.Debug|Any CPU.ActiveCfg = Debug|Any CPU
		{1C8C972F-FF3D-4873-8AC2-3B4754BA70D9}.Debug|Any CPU.Build.0 = Debug|Any CPU
		{1C8C972F-FF3D-4873-8AC2-3B4754BA70D9}.Debug|x64.ActiveCfg = Debug|Any CPU
		{1C8C972F-FF3D-4873-8AC2-3B4754BA70D9}.Debug|x64.Build.0 = Debug|Any CPU
		{1C8C972F-FF3D-4873-8AC2-3B4754BA70D9}.Debug|x86.ActiveCfg = Debug|Any CPU
		{1C8C972F-FF3D-4873-8AC2-3B4754BA70D9}.Debug|x86.Build.0 = Debug|Any CPU
		{1C8C972F-FF3D-4873-8AC2-3B4754BA70D9}.Release|Any CPU.ActiveCfg = Release|Any CPU
		{1C8C972F-FF3D-4873-8AC2-3B4754BA70D9}.Release|Any CPU.Build.0 = Release|Any CPU
		{1C8C972F-FF3D-4873-8AC2-3B4754BA70D9}.Release|x64.ActiveCfg = Release|Any CPU
		{1C8C972F-FF3D-4873-8AC2-3B4754BA70D9}.Release|x64.Build.0 = Release|Any CPU
		{1C8C972F-FF3D-4873-8AC2-3B4754BA70D9}.Release|x86.ActiveCfg = Release|Any CPU
		{1C8C972F-FF3D-4873-8AC2-3B4754BA70D9}.Release|x86.Build.0 = Release|Any CPU
		{A16FE077-792F-45B1-9745-F94AB1E044E9}.Debug|Any CPU.ActiveCfg = Debug|Any CPU
		{A16FE077-792F-45B1-9745-F94AB1E044E9}.Debug|Any CPU.Build.0 = Debug|Any CPU
		{A16FE077-792F-45B1-9745-F94AB1E044E9}.Debug|x64.ActiveCfg = Debug|Any CPU
		{A16FE077-792F-45B1-9745-F94AB1E044E9}.Debug|x64.Build.0 = Debug|Any CPU
		{A16FE077-792F-45B1-9745-F94AB1E044E9}.Debug|x86.ActiveCfg = Debug|Any CPU
		{A16FE077-792F-45B1-9745-F94AB1E044E9}.Debug|x86.Build.0 = Debug|Any CPU
		{A16FE077-792F-45B1-9745-F94AB1E044E9}.Release|Any CPU.ActiveCfg = Release|Any CPU
		{A16FE077-792F-45B1-9745-F94AB1E044E9}.Release|Any CPU.Build.0 = Release|Any CPU
		{A16FE077-792F-45B1-9745-F94AB1E044E9}.Release|x64.ActiveCfg = Release|Any CPU
		{A16FE077-792F-45B1-9745-F94AB1E044E9}.Release|x64.Build.0 = Release|Any CPU
		{A16FE077-792F-45B1-9745-F94AB1E044E9}.Release|x86.ActiveCfg = Release|Any CPU
		{A16FE077-792F-45B1-9745-F94AB1E044E9}.Release|x86.Build.0 = Release|Any CPU
		{2698CF98-A98F-45FD-8AEE-01CDB8C71BE2}.Debug|Any CPU.ActiveCfg = Debug|Any CPU
		{2698CF98-A98F-45FD-8AEE-01CDB8C71BE2}.Debug|Any CPU.Build.0 = Debug|Any CPU
		{2698CF98-A98F-45FD-8AEE-01CDB8C71BE2}.Debug|x64.ActiveCfg = Debug|Any CPU
		{2698CF98-A98F-45FD-8AEE-01CDB8C71BE2}.Debug|x64.Build.0 = Debug|Any CPU
		{2698CF98-A98F-45FD-8AEE-01CDB8C71BE2}.Debug|x86.ActiveCfg = Debug|Any CPU
		{2698CF98-A98F-45FD-8AEE-01CDB8C71BE2}.Debug|x86.Build.0 = Debug|Any CPU
		{2698CF98-A98F-45FD-8AEE-01CDB8C71BE2}.Release|Any CPU.ActiveCfg = Release|Any CPU
		{2698CF98-A98F-45FD-8AEE-01CDB8C71BE2}.Release|Any CPU.Build.0 = Release|Any CPU
		{2698CF98-A98F-45FD-8AEE-01CDB8C71BE2}.Release|x64.ActiveCfg = Release|Any CPU
		{2698CF98-A98F-45FD-8AEE-01CDB8C71BE2}.Release|x64.Build.0 = Release|Any CPU
		{2698CF98-A98F-45FD-8AEE-01CDB8C71BE2}.Release|x86.ActiveCfg = Release|Any CPU
		{2698CF98-A98F-45FD-8AEE-01CDB8C71BE2}.Release|x86.Build.0 = Release|Any CPU
		{91FD80BF-7127-467A-9E1E-78F58A97914B}.Debug|Any CPU.ActiveCfg = Debug|Any CPU
		{91FD80BF-7127-467A-9E1E-78F58A97914B}.Debug|Any CPU.Build.0 = Debug|Any CPU
		{91FD80BF-7127-467A-9E1E-78F58A97914B}.Debug|x64.ActiveCfg = Debug|Any CPU
		{91FD80BF-7127-467A-9E1E-78F58A97914B}.Debug|x64.Build.0 = Debug|Any CPU
		{91FD80BF-7127-467A-9E1E-78F58A97914B}.Debug|x86.ActiveCfg = Debug|Any CPU
		{91FD80BF-7127-467A-9E1E-78F58A97914B}.Debug|x86.Build.0 = Debug|Any CPU
		{91FD80BF-7127-467A-9E1E-78F58A97914B}.Release|Any CPU.ActiveCfg = Release|Any CPU
		{91FD80BF-7127-467A-9E1E-78F58A97914B}.Release|Any CPU.Build.0 = Release|Any CPU
		{91FD80BF-7127-467A-9E1E-78F58A97914B}.Release|x64.ActiveCfg = Release|Any CPU
		{91FD80BF-7127-467A-9E1E-78F58A97914B}.Release|x64.Build.0 = Release|Any CPU
		{91FD80BF-7127-467A-9E1E-78F58A97914B}.Release|x86.ActiveCfg = Release|Any CPU
		{91FD80BF-7127-467A-9E1E-78F58A97914B}.Release|x86.Build.0 = Release|Any CPU
		{C9A6046A-19AD-4A23-A8F7-C2919EEB2D87}.Debug|Any CPU.ActiveCfg = Debug|Any CPU
		{C9A6046A-19AD-4A23-A8F7-C2919EEB2D87}.Debug|Any CPU.Build.0 = Debug|Any CPU
		{C9A6046A-19AD-4A23-A8F7-C2919EEB2D87}.Debug|x64.ActiveCfg = Debug|Any CPU
		{C9A6046A-19AD-4A23-A8F7-C2919EEB2D87}.Debug|x64.Build.0 = Debug|Any CPU
		{C9A6046A-19AD-4A23-A8F7-C2919EEB2D87}.Debug|x86.ActiveCfg = Debug|Any CPU
		{C9A6046A-19AD-4A23-A8F7-C2919EEB2D87}.Debug|x86.Build.0 = Debug|Any CPU
		{C9A6046A-19AD-4A23-A8F7-C2919EEB2D87}.Release|Any CPU.ActiveCfg = Release|Any CPU
		{C9A6046A-19AD-4A23-A8F7-C2919EEB2D87}.Release|Any CPU.Build.0 = Release|Any CPU
		{C9A6046A-19AD-4A23-A8F7-C2919EEB2D87}.Release|x64.ActiveCfg = Release|Any CPU
		{C9A6046A-19AD-4A23-A8F7-C2919EEB2D87}.Release|x64.Build.0 = Release|Any CPU
		{C9A6046A-19AD-4A23-A8F7-C2919EEB2D87}.Release|x86.ActiveCfg = Release|Any CPU
		{C9A6046A-19AD-4A23-A8F7-C2919EEB2D87}.Release|x86.Build.0 = Release|Any CPU
		{A99A7B33-112F-445C-82DE-89A1FB193634}.Debug|Any CPU.ActiveCfg = Debug|Any CPU
		{A99A7B33-112F-445C-82DE-89A1FB193634}.Debug|Any CPU.Build.0 = Debug|Any CPU
		{A99A7B33-112F-445C-82DE-89A1FB193634}.Debug|x64.ActiveCfg = Debug|Any CPU
		{A99A7B33-112F-445C-82DE-89A1FB193634}.Debug|x64.Build.0 = Debug|Any CPU
		{A99A7B33-112F-445C-82DE-89A1FB193634}.Debug|x86.ActiveCfg = Debug|Any CPU
		{A99A7B33-112F-445C-82DE-89A1FB193634}.Debug|x86.Build.0 = Debug|Any CPU
		{A99A7B33-112F-445C-82DE-89A1FB193634}.Release|Any CPU.ActiveCfg = Release|Any CPU
		{A99A7B33-112F-445C-82DE-89A1FB193634}.Release|Any CPU.Build.0 = Release|Any CPU
		{A99A7B33-112F-445C-82DE-89A1FB193634}.Release|x64.ActiveCfg = Release|Any CPU
		{A99A7B33-112F-445C-82DE-89A1FB193634}.Release|x64.Build.0 = Release|Any CPU
		{A99A7B33-112F-445C-82DE-89A1FB193634}.Release|x86.ActiveCfg = Release|Any CPU
		{A99A7B33-112F-445C-82DE-89A1FB193634}.Release|x86.Build.0 = Release|Any CPU
		{7C081CCC-3D5F-4767-92F0-DE7CA35B8448}.Debug|Any CPU.ActiveCfg = Debug|Any CPU
		{7C081CCC-3D5F-4767-92F0-DE7CA35B8448}.Debug|Any CPU.Build.0 = Debug|Any CPU
		{7C081CCC-3D5F-4767-92F0-DE7CA35B8448}.Debug|x64.ActiveCfg = Debug|Any CPU
		{7C081CCC-3D5F-4767-92F0-DE7CA35B8448}.Debug|x64.Build.0 = Debug|Any CPU
		{7C081CCC-3D5F-4767-92F0-DE7CA35B8448}.Debug|x86.ActiveCfg = Debug|Any CPU
		{7C081CCC-3D5F-4767-92F0-DE7CA35B8448}.Debug|x86.Build.0 = Debug|Any CPU
		{7C081CCC-3D5F-4767-92F0-DE7CA35B8448}.Release|Any CPU.ActiveCfg = Release|Any CPU
		{7C081CCC-3D5F-4767-92F0-DE7CA35B8448}.Release|Any CPU.Build.0 = Release|Any CPU
		{7C081CCC-3D5F-4767-92F0-DE7CA35B8448}.Release|x64.ActiveCfg = Release|Any CPU
		{7C081CCC-3D5F-4767-92F0-DE7CA35B8448}.Release|x64.Build.0 = Release|Any CPU
		{7C081CCC-3D5F-4767-92F0-DE7CA35B8448}.Release|x86.ActiveCfg = Release|Any CPU
		{7C081CCC-3D5F-4767-92F0-DE7CA35B8448}.Release|x86.Build.0 = Release|Any CPU
		{9C22C95F-386B-4B95-8F61-E40853A1583B}.Debug|Any CPU.ActiveCfg = Debug|Any CPU
		{9C22C95F-386B-4B95-8F61-E40853A1583B}.Debug|Any CPU.Build.0 = Debug|Any CPU
		{9C22C95F-386B-4B95-8F61-E40853A1583B}.Debug|x64.ActiveCfg = Debug|Any CPU
		{9C22C95F-386B-4B95-8F61-E40853A1583B}.Debug|x64.Build.0 = Debug|Any CPU
		{9C22C95F-386B-4B95-8F61-E40853A1583B}.Debug|x86.ActiveCfg = Debug|Any CPU
		{9C22C95F-386B-4B95-8F61-E40853A1583B}.Debug|x86.Build.0 = Debug|Any CPU
		{9C22C95F-386B-4B95-8F61-E40853A1583B}.Release|Any CPU.ActiveCfg = Release|Any CPU
		{9C22C95F-386B-4B95-8F61-E40853A1583B}.Release|Any CPU.Build.0 = Release|Any CPU
		{9C22C95F-386B-4B95-8F61-E40853A1583B}.Release|x64.ActiveCfg = Release|Any CPU
		{9C22C95F-386B-4B95-8F61-E40853A1583B}.Release|x64.Build.0 = Release|Any CPU
		{9C22C95F-386B-4B95-8F61-E40853A1583B}.Release|x86.ActiveCfg = Release|Any CPU
		{9C22C95F-386B-4B95-8F61-E40853A1583B}.Release|x86.Build.0 = Release|Any CPU
		{9D402F3B-FC30-42D8-B97B-E0FE4625AA54}.Debug|Any CPU.ActiveCfg = Debug|Any CPU
		{9D402F3B-FC30-42D8-B97B-E0FE4625AA54}.Debug|Any CPU.Build.0 = Debug|Any CPU
		{9D402F3B-FC30-42D8-B97B-E0FE4625AA54}.Debug|x64.ActiveCfg = Debug|Any CPU
		{9D402F3B-FC30-42D8-B97B-E0FE4625AA54}.Debug|x64.Build.0 = Debug|Any CPU
		{9D402F3B-FC30-42D8-B97B-E0FE4625AA54}.Debug|x86.ActiveCfg = Debug|Any CPU
		{9D402F3B-FC30-42D8-B97B-E0FE4625AA54}.Debug|x86.Build.0 = Debug|Any CPU
		{9D402F3B-FC30-42D8-B97B-E0FE4625AA54}.Release|Any CPU.ActiveCfg = Release|Any CPU
		{9D402F3B-FC30-42D8-B97B-E0FE4625AA54}.Release|Any CPU.Build.0 = Release|Any CPU
		{9D402F3B-FC30-42D8-B97B-E0FE4625AA54}.Release|x64.ActiveCfg = Release|Any CPU
		{9D402F3B-FC30-42D8-B97B-E0FE4625AA54}.Release|x64.Build.0 = Release|Any CPU
		{9D402F3B-FC30-42D8-B97B-E0FE4625AA54}.Release|x86.ActiveCfg = Release|Any CPU
		{9D402F3B-FC30-42D8-B97B-E0FE4625AA54}.Release|x86.Build.0 = Release|Any CPU
		{79B9A86E-ADB8-48E9-B1DA-93C18600B5AD}.Debug|Any CPU.ActiveCfg = Debug|Any CPU
		{79B9A86E-ADB8-48E9-B1DA-93C18600B5AD}.Debug|Any CPU.Build.0 = Debug|Any CPU
		{79B9A86E-ADB8-48E9-B1DA-93C18600B5AD}.Debug|x64.ActiveCfg = Debug|Any CPU
		{79B9A86E-ADB8-48E9-B1DA-93C18600B5AD}.Debug|x64.Build.0 = Debug|Any CPU
		{79B9A86E-ADB8-48E9-B1DA-93C18600B5AD}.Debug|x86.ActiveCfg = Debug|Any CPU
		{79B9A86E-ADB8-48E9-B1DA-93C18600B5AD}.Debug|x86.Build.0 = Debug|Any CPU
		{79B9A86E-ADB8-48E9-B1DA-93C18600B5AD}.Release|Any CPU.ActiveCfg = Release|Any CPU
		{79B9A86E-ADB8-48E9-B1DA-93C18600B5AD}.Release|Any CPU.Build.0 = Release|Any CPU
		{79B9A86E-ADB8-48E9-B1DA-93C18600B5AD}.Release|x64.ActiveCfg = Release|Any CPU
		{79B9A86E-ADB8-48E9-B1DA-93C18600B5AD}.Release|x64.Build.0 = Release|Any CPU
		{79B9A86E-ADB8-48E9-B1DA-93C18600B5AD}.Release|x86.ActiveCfg = Release|Any CPU
		{79B9A86E-ADB8-48E9-B1DA-93C18600B5AD}.Release|x86.Build.0 = Release|Any CPU
		{1A438C27-F39F-41FA-8A4C-8FB26CB45C53}.Debug|Any CPU.ActiveCfg = Debug|Any CPU
		{1A438C27-F39F-41FA-8A4C-8FB26CB45C53}.Debug|Any CPU.Build.0 = Debug|Any CPU
		{1A438C27-F39F-41FA-8A4C-8FB26CB45C53}.Debug|x64.ActiveCfg = Debug|Any CPU
		{1A438C27-F39F-41FA-8A4C-8FB26CB45C53}.Debug|x64.Build.0 = Debug|Any CPU
		{1A438C27-F39F-41FA-8A4C-8FB26CB45C53}.Debug|x86.ActiveCfg = Debug|Any CPU
		{1A438C27-F39F-41FA-8A4C-8FB26CB45C53}.Debug|x86.Build.0 = Debug|Any CPU
		{1A438C27-F39F-41FA-8A4C-8FB26CB45C53}.Release|Any CPU.ActiveCfg = Release|Any CPU
		{1A438C27-F39F-41FA-8A4C-8FB26CB45C53}.Release|Any CPU.Build.0 = Release|Any CPU
		{1A438C27-F39F-41FA-8A4C-8FB26CB45C53}.Release|x64.ActiveCfg = Release|Any CPU
		{1A438C27-F39F-41FA-8A4C-8FB26CB45C53}.Release|x64.Build.0 = Release|Any CPU
		{1A438C27-F39F-41FA-8A4C-8FB26CB45C53}.Release|x86.ActiveCfg = Release|Any CPU
		{1A438C27-F39F-41FA-8A4C-8FB26CB45C53}.Release|x86.Build.0 = Release|Any CPU
		{06409C18-B1FE-4EEE-BD00-211E77E38467}.Debug|Any CPU.ActiveCfg = Debug|Any CPU
		{06409C18-B1FE-4EEE-BD00-211E77E38467}.Debug|Any CPU.Build.0 = Debug|Any CPU
		{06409C18-B1FE-4EEE-BD00-211E77E38467}.Debug|x64.ActiveCfg = Debug|Any CPU
		{06409C18-B1FE-4EEE-BD00-211E77E38467}.Debug|x64.Build.0 = Debug|Any CPU
		{06409C18-B1FE-4EEE-BD00-211E77E38467}.Debug|x86.ActiveCfg = Debug|Any CPU
		{06409C18-B1FE-4EEE-BD00-211E77E38467}.Debug|x86.Build.0 = Debug|Any CPU
		{06409C18-B1FE-4EEE-BD00-211E77E38467}.Release|Any CPU.ActiveCfg = Release|Any CPU
		{06409C18-B1FE-4EEE-BD00-211E77E38467}.Release|Any CPU.Build.0 = Release|Any CPU
		{06409C18-B1FE-4EEE-BD00-211E77E38467}.Release|x64.ActiveCfg = Release|Any CPU
		{06409C18-B1FE-4EEE-BD00-211E77E38467}.Release|x64.Build.0 = Release|Any CPU
		{06409C18-B1FE-4EEE-BD00-211E77E38467}.Release|x86.ActiveCfg = Release|Any CPU
		{06409C18-B1FE-4EEE-BD00-211E77E38467}.Release|x86.Build.0 = Release|Any CPU
		{327AA11A-A917-4B84-A00F-A74E4D3204E0}.Debug|Any CPU.ActiveCfg = Debug|Any CPU
		{327AA11A-A917-4B84-A00F-A74E4D3204E0}.Debug|Any CPU.Build.0 = Debug|Any CPU
		{327AA11A-A917-4B84-A00F-A74E4D3204E0}.Debug|x64.ActiveCfg = Debug|Any CPU
		{327AA11A-A917-4B84-A00F-A74E4D3204E0}.Debug|x64.Build.0 = Debug|Any CPU
		{327AA11A-A917-4B84-A00F-A74E4D3204E0}.Debug|x86.ActiveCfg = Debug|Any CPU
		{327AA11A-A917-4B84-A00F-A74E4D3204E0}.Debug|x86.Build.0 = Debug|Any CPU
		{327AA11A-A917-4B84-A00F-A74E4D3204E0}.Release|Any CPU.ActiveCfg = Release|Any CPU
		{327AA11A-A917-4B84-A00F-A74E4D3204E0}.Release|Any CPU.Build.0 = Release|Any CPU
		{327AA11A-A917-4B84-A00F-A74E4D3204E0}.Release|x64.ActiveCfg = Release|Any CPU
		{327AA11A-A917-4B84-A00F-A74E4D3204E0}.Release|x64.Build.0 = Release|Any CPU
		{327AA11A-A917-4B84-A00F-A74E4D3204E0}.Release|x86.ActiveCfg = Release|Any CPU
		{327AA11A-A917-4B84-A00F-A74E4D3204E0}.Release|x86.Build.0 = Release|Any CPU
		{E1B53B66-432C-4F32-98BE-F42004DDDBB8}.Debug|Any CPU.ActiveCfg = Debug|Any CPU
		{E1B53B66-432C-4F32-98BE-F42004DDDBB8}.Debug|Any CPU.Build.0 = Debug|Any CPU
		{E1B53B66-432C-4F32-98BE-F42004DDDBB8}.Debug|x64.ActiveCfg = Debug|Any CPU
		{E1B53B66-432C-4F32-98BE-F42004DDDBB8}.Debug|x64.Build.0 = Debug|Any CPU
		{E1B53B66-432C-4F32-98BE-F42004DDDBB8}.Debug|x86.ActiveCfg = Debug|Any CPU
		{E1B53B66-432C-4F32-98BE-F42004DDDBB8}.Debug|x86.Build.0 = Debug|Any CPU
		{E1B53B66-432C-4F32-98BE-F42004DDDBB8}.Release|Any CPU.ActiveCfg = Release|Any CPU
		{E1B53B66-432C-4F32-98BE-F42004DDDBB8}.Release|Any CPU.Build.0 = Release|Any CPU
		{E1B53B66-432C-4F32-98BE-F42004DDDBB8}.Release|x64.ActiveCfg = Release|Any CPU
		{E1B53B66-432C-4F32-98BE-F42004DDDBB8}.Release|x64.Build.0 = Release|Any CPU
		{E1B53B66-432C-4F32-98BE-F42004DDDBB8}.Release|x86.ActiveCfg = Release|Any CPU
		{E1B53B66-432C-4F32-98BE-F42004DDDBB8}.Release|x86.Build.0 = Release|Any CPU
		{ED045675-8DB2-49F7-B49C-E4DE26799329}.Debug|Any CPU.ActiveCfg = Debug|Any CPU
		{ED045675-8DB2-49F7-B49C-E4DE26799329}.Debug|Any CPU.Build.0 = Debug|Any CPU
		{ED045675-8DB2-49F7-B49C-E4DE26799329}.Debug|x64.ActiveCfg = Debug|Any CPU
		{ED045675-8DB2-49F7-B49C-E4DE26799329}.Debug|x64.Build.0 = Debug|Any CPU
		{ED045675-8DB2-49F7-B49C-E4DE26799329}.Debug|x86.ActiveCfg = Debug|Any CPU
		{ED045675-8DB2-49F7-B49C-E4DE26799329}.Debug|x86.Build.0 = Debug|Any CPU
		{ED045675-8DB2-49F7-B49C-E4DE26799329}.Release|Any CPU.ActiveCfg = Release|Any CPU
		{ED045675-8DB2-49F7-B49C-E4DE26799329}.Release|Any CPU.Build.0 = Release|Any CPU
		{ED045675-8DB2-49F7-B49C-E4DE26799329}.Release|x64.ActiveCfg = Release|Any CPU
		{ED045675-8DB2-49F7-B49C-E4DE26799329}.Release|x64.Build.0 = Release|Any CPU
		{ED045675-8DB2-49F7-B49C-E4DE26799329}.Release|x86.ActiveCfg = Release|Any CPU
		{ED045675-8DB2-49F7-B49C-E4DE26799329}.Release|x86.Build.0 = Release|Any CPU
		{0FE60AFE-3FEA-4CB1-A071-AE9289AEBF89}.Debug|Any CPU.ActiveCfg = Debug|Any CPU
		{0FE60AFE-3FEA-4CB1-A071-AE9289AEBF89}.Debug|Any CPU.Build.0 = Debug|Any CPU
		{0FE60AFE-3FEA-4CB1-A071-AE9289AEBF89}.Debug|x64.ActiveCfg = Debug|Any CPU
		{0FE60AFE-3FEA-4CB1-A071-AE9289AEBF89}.Debug|x64.Build.0 = Debug|Any CPU
		{0FE60AFE-3FEA-4CB1-A071-AE9289AEBF89}.Debug|x86.ActiveCfg = Debug|Any CPU
		{0FE60AFE-3FEA-4CB1-A071-AE9289AEBF89}.Debug|x86.Build.0 = Debug|Any CPU
		{0FE60AFE-3FEA-4CB1-A071-AE9289AEBF89}.Release|Any CPU.ActiveCfg = Release|Any CPU
		{0FE60AFE-3FEA-4CB1-A071-AE9289AEBF89}.Release|Any CPU.Build.0 = Release|Any CPU
		{0FE60AFE-3FEA-4CB1-A071-AE9289AEBF89}.Release|x64.ActiveCfg = Release|Any CPU
		{0FE60AFE-3FEA-4CB1-A071-AE9289AEBF89}.Release|x64.Build.0 = Release|Any CPU
		{0FE60AFE-3FEA-4CB1-A071-AE9289AEBF89}.Release|x86.ActiveCfg = Release|Any CPU
		{0FE60AFE-3FEA-4CB1-A071-AE9289AEBF89}.Release|x86.Build.0 = Release|Any CPU
		{5E8C3706-4D50-4815-86E4-991A11340803}.Debug|Any CPU.ActiveCfg = Debug|Any CPU
		{5E8C3706-4D50-4815-86E4-991A11340803}.Debug|Any CPU.Build.0 = Debug|Any CPU
		{5E8C3706-4D50-4815-86E4-991A11340803}.Debug|x64.ActiveCfg = Debug|Any CPU
		{5E8C3706-4D50-4815-86E4-991A11340803}.Debug|x64.Build.0 = Debug|Any CPU
		{5E8C3706-4D50-4815-86E4-991A11340803}.Debug|x86.ActiveCfg = Debug|Any CPU
		{5E8C3706-4D50-4815-86E4-991A11340803}.Debug|x86.Build.0 = Debug|Any CPU
		{5E8C3706-4D50-4815-86E4-991A11340803}.Release|Any CPU.ActiveCfg = Release|Any CPU
		{5E8C3706-4D50-4815-86E4-991A11340803}.Release|Any CPU.Build.0 = Release|Any CPU
		{5E8C3706-4D50-4815-86E4-991A11340803}.Release|x64.ActiveCfg = Release|Any CPU
		{5E8C3706-4D50-4815-86E4-991A11340803}.Release|x64.Build.0 = Release|Any CPU
		{5E8C3706-4D50-4815-86E4-991A11340803}.Release|x86.ActiveCfg = Release|Any CPU
		{5E8C3706-4D50-4815-86E4-991A11340803}.Release|x86.Build.0 = Release|Any CPU
		{3B9C58A1-ABFB-4C01-928E-010295DAC9BF}.Debug|Any CPU.ActiveCfg = Debug|Any CPU
		{3B9C58A1-ABFB-4C01-928E-010295DAC9BF}.Debug|Any CPU.Build.0 = Debug|Any CPU
		{3B9C58A1-ABFB-4C01-928E-010295DAC9BF}.Debug|x64.ActiveCfg = Debug|Any CPU
		{3B9C58A1-ABFB-4C01-928E-010295DAC9BF}.Debug|x64.Build.0 = Debug|Any CPU
		{3B9C58A1-ABFB-4C01-928E-010295DAC9BF}.Debug|x86.ActiveCfg = Debug|Any CPU
		{3B9C58A1-ABFB-4C01-928E-010295DAC9BF}.Debug|x86.Build.0 = Debug|Any CPU
		{3B9C58A1-ABFB-4C01-928E-010295DAC9BF}.Release|Any CPU.ActiveCfg = Release|Any CPU
		{3B9C58A1-ABFB-4C01-928E-010295DAC9BF}.Release|Any CPU.Build.0 = Release|Any CPU
		{3B9C58A1-ABFB-4C01-928E-010295DAC9BF}.Release|x64.ActiveCfg = Release|Any CPU
		{3B9C58A1-ABFB-4C01-928E-010295DAC9BF}.Release|x64.Build.0 = Release|Any CPU
		{3B9C58A1-ABFB-4C01-928E-010295DAC9BF}.Release|x86.ActiveCfg = Release|Any CPU
		{3B9C58A1-ABFB-4C01-928E-010295DAC9BF}.Release|x86.Build.0 = Release|Any CPU
		{9D685C37-F3E8-43A2-9335-BB8AF597C25F}.Debug|Any CPU.ActiveCfg = Debug|Any CPU
		{9D685C37-F3E8-43A2-9335-BB8AF597C25F}.Debug|Any CPU.Build.0 = Debug|Any CPU
		{9D685C37-F3E8-43A2-9335-BB8AF597C25F}.Debug|x64.ActiveCfg = Debug|Any CPU
		{9D685C37-F3E8-43A2-9335-BB8AF597C25F}.Debug|x64.Build.0 = Debug|Any CPU
		{9D685C37-F3E8-43A2-9335-BB8AF597C25F}.Debug|x86.ActiveCfg = Debug|Any CPU
		{9D685C37-F3E8-43A2-9335-BB8AF597C25F}.Debug|x86.Build.0 = Debug|Any CPU
		{9D685C37-F3E8-43A2-9335-BB8AF597C25F}.Release|Any CPU.ActiveCfg = Release|Any CPU
		{9D685C37-F3E8-43A2-9335-BB8AF597C25F}.Release|Any CPU.Build.0 = Release|Any CPU
		{9D685C37-F3E8-43A2-9335-BB8AF597C25F}.Release|x64.ActiveCfg = Release|Any CPU
		{9D685C37-F3E8-43A2-9335-BB8AF597C25F}.Release|x64.Build.0 = Release|Any CPU
		{9D685C37-F3E8-43A2-9335-BB8AF597C25F}.Release|x86.ActiveCfg = Release|Any CPU
		{9D685C37-F3E8-43A2-9335-BB8AF597C25F}.Release|x86.Build.0 = Release|Any CPU
		{7BAD3055-E25E-44C4-88E7-3CF0B652A803}.Debug|Any CPU.ActiveCfg = Debug|Any CPU
		{7BAD3055-E25E-44C4-88E7-3CF0B652A803}.Debug|Any CPU.Build.0 = Debug|Any CPU
		{7BAD3055-E25E-44C4-88E7-3CF0B652A803}.Debug|x64.ActiveCfg = Debug|Any CPU
		{7BAD3055-E25E-44C4-88E7-3CF0B652A803}.Debug|x64.Build.0 = Debug|Any CPU
		{7BAD3055-E25E-44C4-88E7-3CF0B652A803}.Debug|x86.ActiveCfg = Debug|Any CPU
		{7BAD3055-E25E-44C4-88E7-3CF0B652A803}.Debug|x86.Build.0 = Debug|Any CPU
		{7BAD3055-E25E-44C4-88E7-3CF0B652A803}.Release|Any CPU.ActiveCfg = Release|Any CPU
		{7BAD3055-E25E-44C4-88E7-3CF0B652A803}.Release|Any CPU.Build.0 = Release|Any CPU
		{7BAD3055-E25E-44C4-88E7-3CF0B652A803}.Release|x64.ActiveCfg = Release|Any CPU
		{7BAD3055-E25E-44C4-88E7-3CF0B652A803}.Release|x64.Build.0 = Release|Any CPU
		{7BAD3055-E25E-44C4-88E7-3CF0B652A803}.Release|x86.ActiveCfg = Release|Any CPU
		{7BAD3055-E25E-44C4-88E7-3CF0B652A803}.Release|x86.Build.0 = Release|Any CPU
		{49258BD7-0785-4519-B913-88250FD8FB8A}.Debug|Any CPU.ActiveCfg = Debug|Any CPU
		{49258BD7-0785-4519-B913-88250FD8FB8A}.Debug|Any CPU.Build.0 = Debug|Any CPU
		{49258BD7-0785-4519-B913-88250FD8FB8A}.Debug|x64.ActiveCfg = Debug|Any CPU
		{49258BD7-0785-4519-B913-88250FD8FB8A}.Debug|x64.Build.0 = Debug|Any CPU
		{49258BD7-0785-4519-B913-88250FD8FB8A}.Debug|x86.ActiveCfg = Debug|Any CPU
		{49258BD7-0785-4519-B913-88250FD8FB8A}.Debug|x86.Build.0 = Debug|Any CPU
		{49258BD7-0785-4519-B913-88250FD8FB8A}.Release|Any CPU.ActiveCfg = Release|Any CPU
		{49258BD7-0785-4519-B913-88250FD8FB8A}.Release|Any CPU.Build.0 = Release|Any CPU
		{49258BD7-0785-4519-B913-88250FD8FB8A}.Release|x64.ActiveCfg = Release|Any CPU
		{49258BD7-0785-4519-B913-88250FD8FB8A}.Release|x64.Build.0 = Release|Any CPU
		{49258BD7-0785-4519-B913-88250FD8FB8A}.Release|x86.ActiveCfg = Release|Any CPU
		{49258BD7-0785-4519-B913-88250FD8FB8A}.Release|x86.Build.0 = Release|Any CPU
		{55C23D45-723A-45C1-8B19-4D07B0734EBF}.Debug|Any CPU.ActiveCfg = Debug|Any CPU
		{55C23D45-723A-45C1-8B19-4D07B0734EBF}.Debug|Any CPU.Build.0 = Debug|Any CPU
		{55C23D45-723A-45C1-8B19-4D07B0734EBF}.Debug|x64.ActiveCfg = Debug|Any CPU
		{55C23D45-723A-45C1-8B19-4D07B0734EBF}.Debug|x64.Build.0 = Debug|Any CPU
		{55C23D45-723A-45C1-8B19-4D07B0734EBF}.Debug|x86.ActiveCfg = Debug|Any CPU
		{55C23D45-723A-45C1-8B19-4D07B0734EBF}.Debug|x86.Build.0 = Debug|Any CPU
		{55C23D45-723A-45C1-8B19-4D07B0734EBF}.Release|Any CPU.ActiveCfg = Release|Any CPU
		{55C23D45-723A-45C1-8B19-4D07B0734EBF}.Release|Any CPU.Build.0 = Release|Any CPU
		{55C23D45-723A-45C1-8B19-4D07B0734EBF}.Release|x64.ActiveCfg = Release|Any CPU
		{55C23D45-723A-45C1-8B19-4D07B0734EBF}.Release|x64.Build.0 = Release|Any CPU
		{55C23D45-723A-45C1-8B19-4D07B0734EBF}.Release|x86.ActiveCfg = Release|Any CPU
		{55C23D45-723A-45C1-8B19-4D07B0734EBF}.Release|x86.Build.0 = Release|Any CPU
		{86417342-1A56-4AF7-BC37-E718F58711F3}.Debug|Any CPU.ActiveCfg = Debug|Any CPU
		{86417342-1A56-4AF7-BC37-E718F58711F3}.Debug|Any CPU.Build.0 = Debug|Any CPU
		{86417342-1A56-4AF7-BC37-E718F58711F3}.Debug|x64.ActiveCfg = Debug|Any CPU
		{86417342-1A56-4AF7-BC37-E718F58711F3}.Debug|x64.Build.0 = Debug|Any CPU
		{86417342-1A56-4AF7-BC37-E718F58711F3}.Debug|x86.ActiveCfg = Debug|Any CPU
		{86417342-1A56-4AF7-BC37-E718F58711F3}.Debug|x86.Build.0 = Debug|Any CPU
		{86417342-1A56-4AF7-BC37-E718F58711F3}.Release|Any CPU.ActiveCfg = Release|Any CPU
		{86417342-1A56-4AF7-BC37-E718F58711F3}.Release|Any CPU.Build.0 = Release|Any CPU
		{86417342-1A56-4AF7-BC37-E718F58711F3}.Release|x64.ActiveCfg = Release|Any CPU
		{86417342-1A56-4AF7-BC37-E718F58711F3}.Release|x64.Build.0 = Release|Any CPU
		{86417342-1A56-4AF7-BC37-E718F58711F3}.Release|x86.ActiveCfg = Release|Any CPU
		{86417342-1A56-4AF7-BC37-E718F58711F3}.Release|x86.Build.0 = Release|Any CPU
		{BDDF54C9-4294-47B9-8F04-83C2B8E38817}.Debug|Any CPU.ActiveCfg = Debug|Any CPU
		{BDDF54C9-4294-47B9-8F04-83C2B8E38817}.Debug|Any CPU.Build.0 = Debug|Any CPU
		{BDDF54C9-4294-47B9-8F04-83C2B8E38817}.Debug|x64.ActiveCfg = Debug|Any CPU
		{BDDF54C9-4294-47B9-8F04-83C2B8E38817}.Debug|x64.Build.0 = Debug|Any CPU
		{BDDF54C9-4294-47B9-8F04-83C2B8E38817}.Debug|x86.ActiveCfg = Debug|Any CPU
		{BDDF54C9-4294-47B9-8F04-83C2B8E38817}.Debug|x86.Build.0 = Debug|Any CPU
		{BDDF54C9-4294-47B9-8F04-83C2B8E38817}.Release|Any CPU.ActiveCfg = Release|Any CPU
		{BDDF54C9-4294-47B9-8F04-83C2B8E38817}.Release|Any CPU.Build.0 = Release|Any CPU
		{BDDF54C9-4294-47B9-8F04-83C2B8E38817}.Release|x64.ActiveCfg = Release|Any CPU
		{BDDF54C9-4294-47B9-8F04-83C2B8E38817}.Release|x64.Build.0 = Release|Any CPU
		{BDDF54C9-4294-47B9-8F04-83C2B8E38817}.Release|x86.ActiveCfg = Release|Any CPU
		{BDDF54C9-4294-47B9-8F04-83C2B8E38817}.Release|x86.Build.0 = Release|Any CPU
		{CC77B591-10E5-4107-B477-FE66C14DCCF1}.Debug|Any CPU.ActiveCfg = Debug|Any CPU
		{CC77B591-10E5-4107-B477-FE66C14DCCF1}.Debug|Any CPU.Build.0 = Debug|Any CPU
		{CC77B591-10E5-4107-B477-FE66C14DCCF1}.Debug|x64.ActiveCfg = Debug|Any CPU
		{CC77B591-10E5-4107-B477-FE66C14DCCF1}.Debug|x64.Build.0 = Debug|Any CPU
		{CC77B591-10E5-4107-B477-FE66C14DCCF1}.Debug|x86.ActiveCfg = Debug|Any CPU
		{CC77B591-10E5-4107-B477-FE66C14DCCF1}.Debug|x86.Build.0 = Debug|Any CPU
		{CC77B591-10E5-4107-B477-FE66C14DCCF1}.Release|Any CPU.ActiveCfg = Release|Any CPU
		{CC77B591-10E5-4107-B477-FE66C14DCCF1}.Release|Any CPU.Build.0 = Release|Any CPU
		{CC77B591-10E5-4107-B477-FE66C14DCCF1}.Release|x64.ActiveCfg = Release|Any CPU
		{CC77B591-10E5-4107-B477-FE66C14DCCF1}.Release|x64.Build.0 = Release|Any CPU
		{CC77B591-10E5-4107-B477-FE66C14DCCF1}.Release|x86.ActiveCfg = Release|Any CPU
		{CC77B591-10E5-4107-B477-FE66C14DCCF1}.Release|x86.Build.0 = Release|Any CPU
		{1F7A7BBB-DB91-45F1-B2D4-7EA2A73E0011}.Debug|Any CPU.ActiveCfg = Debug|Any CPU
		{1F7A7BBB-DB91-45F1-B2D4-7EA2A73E0011}.Debug|Any CPU.Build.0 = Debug|Any CPU
		{1F7A7BBB-DB91-45F1-B2D4-7EA2A73E0011}.Debug|x64.ActiveCfg = Debug|Any CPU
		{1F7A7BBB-DB91-45F1-B2D4-7EA2A73E0011}.Debug|x64.Build.0 = Debug|Any CPU
		{1F7A7BBB-DB91-45F1-B2D4-7EA2A73E0011}.Debug|x86.ActiveCfg = Debug|Any CPU
		{1F7A7BBB-DB91-45F1-B2D4-7EA2A73E0011}.Debug|x86.Build.0 = Debug|Any CPU
		{1F7A7BBB-DB91-45F1-B2D4-7EA2A73E0011}.Release|Any CPU.ActiveCfg = Release|Any CPU
		{1F7A7BBB-DB91-45F1-B2D4-7EA2A73E0011}.Release|Any CPU.Build.0 = Release|Any CPU
		{1F7A7BBB-DB91-45F1-B2D4-7EA2A73E0011}.Release|x64.ActiveCfg = Release|Any CPU
		{1F7A7BBB-DB91-45F1-B2D4-7EA2A73E0011}.Release|x64.Build.0 = Release|Any CPU
		{1F7A7BBB-DB91-45F1-B2D4-7EA2A73E0011}.Release|x86.ActiveCfg = Release|Any CPU
		{1F7A7BBB-DB91-45F1-B2D4-7EA2A73E0011}.Release|x86.Build.0 = Release|Any CPU
		{F5701FAA-8593-48BA-A0AD-1CB981C7C106}.Debug|Any CPU.ActiveCfg = Debug|Any CPU
		{F5701FAA-8593-48BA-A0AD-1CB981C7C106}.Debug|Any CPU.Build.0 = Debug|Any CPU
		{F5701FAA-8593-48BA-A0AD-1CB981C7C106}.Debug|x64.ActiveCfg = Debug|Any CPU
		{F5701FAA-8593-48BA-A0AD-1CB981C7C106}.Debug|x64.Build.0 = Debug|Any CPU
		{F5701FAA-8593-48BA-A0AD-1CB981C7C106}.Debug|x86.ActiveCfg = Debug|Any CPU
		{F5701FAA-8593-48BA-A0AD-1CB981C7C106}.Debug|x86.Build.0 = Debug|Any CPU
		{F5701FAA-8593-48BA-A0AD-1CB981C7C106}.Release|Any CPU.ActiveCfg = Release|Any CPU
		{F5701FAA-8593-48BA-A0AD-1CB981C7C106}.Release|Any CPU.Build.0 = Release|Any CPU
		{F5701FAA-8593-48BA-A0AD-1CB981C7C106}.Release|x64.ActiveCfg = Release|Any CPU
		{F5701FAA-8593-48BA-A0AD-1CB981C7C106}.Release|x64.Build.0 = Release|Any CPU
		{F5701FAA-8593-48BA-A0AD-1CB981C7C106}.Release|x86.ActiveCfg = Release|Any CPU
		{F5701FAA-8593-48BA-A0AD-1CB981C7C106}.Release|x86.Build.0 = Release|Any CPU
	EndGlobalSection
	GlobalSection(SolutionProperties) = preSolution
		HideSolutionNode = FALSE
	EndGlobalSection
	GlobalSection(NestedProjects) = preSolution
		{E2A042FE-F180-C58D-4603-B098BE2E12F8} = {59CAEA31-4096-7F28-CF1D-73A1B359F9C6}
		{9DFA4CE6-9129-4886-86B2-E902E60D48A9} = {17E4BE37-DF7D-7D64-86D1-11F9AEBAA624}
		{5E4C0B60-28C2-4F24-8FD7-5CC0F32C010D} = {17E4BE37-DF7D-7D64-86D1-11F9AEBAA624}
		{2CD154E9-EEB2-4C64-ADEC-D86BF1CA5C4C} = {17E4BE37-DF7D-7D64-86D1-11F9AEBAA624}
		{B6A848DE-D2BB-403C-A6AF-788A7431A0DA} = {17E4BE37-DF7D-7D64-86D1-11F9AEBAA624}
		{8B763333-C58E-4776-B6D3-36F17C428CCF} = {17E4BE37-DF7D-7D64-86D1-11F9AEBAA624}
		{A2C379EB-4955-45AD-83E1-2187573006CD} = {512DD082-EDAA-172F-0C57-B2A2D1BF164A}
		{B14DE4DF-512A-4041-84B7-3D43EC4F8D4E} = {512DD082-EDAA-172F-0C57-B2A2D1BF164A}
		{7862869F-D4B2-4754-A84D-DFC80DD214F0} = {512DD082-EDAA-172F-0C57-B2A2D1BF164A}
		{175A67E6-9BDC-4081-BF72-F5BBB92A8B03} = {512DD082-EDAA-172F-0C57-B2A2D1BF164A}
		{3B08692E-B34C-4BBD-8D88-7EEDAE55185C} = {512DD082-EDAA-172F-0C57-B2A2D1BF164A}
		{B6297492-29CF-4FE4-AE52-B849D07AE65A} = {512DD082-EDAA-172F-0C57-B2A2D1BF164A}
		{C59E07D4-23F8-4C82-BC7C-BD7299EFBE78} = {512DD082-EDAA-172F-0C57-B2A2D1BF164A}
		{4F196441-29F3-4EED-BB67-1A4B499EEF7C} = {512DD082-EDAA-172F-0C57-B2A2D1BF164A}
		{61A1E729-05D2-4B5B-A59C-E35AA38DEDF7} = {A8F5A690-D9F9-54FE-C989-930DE2913FDC}
		{394CA221-B4B2-426F-B878-FCA71AC7E03B} = {A8F5A690-D9F9-54FE-C989-930DE2913FDC}
		{1CB9C06B-E0BA-4E18-9AFE-78943515C52B} = {A8F5A690-D9F9-54FE-C989-930DE2913FDC}
		{EECCF458-B674-4BCC-8BE3-63804303B930} = {A8F5A690-D9F9-54FE-C989-930DE2913FDC}
		{D21C2E86-4633-4EB1-8FAB-3FD9DB4FE216} = {A8F5A690-D9F9-54FE-C989-930DE2913FDC}
		{D46A046C-A29A-4844-9D77-C46823B5B04D} = {A8F5A690-D9F9-54FE-C989-930DE2913FDC}
		{1C8C972F-FF3D-4873-8AC2-3B4754BA70D9} = {A8F5A690-D9F9-54FE-C989-930DE2913FDC}
		{A16FE077-792F-45B1-9745-F94AB1E044E9} = {A8F5A690-D9F9-54FE-C989-930DE2913FDC}
		{2698CF98-A98F-45FD-8AEE-01CDB8C71BE2} = {6F75CAE1-0C42-F5E8-8AD2-40D99B1A9D74}
		{91FD80BF-7127-467A-9E1E-78F58A97914B} = {6F75CAE1-0C42-F5E8-8AD2-40D99B1A9D74}
		{C9A6046A-19AD-4A23-A8F7-C2919EEB2D87} = {6F75CAE1-0C42-F5E8-8AD2-40D99B1A9D74}
		{A99A7B33-112F-445C-82DE-89A1FB193634} = {6F75CAE1-0C42-F5E8-8AD2-40D99B1A9D74}
		{7C081CCC-3D5F-4767-92F0-DE7CA35B8448} = {9B84280F-5814-58CB-A639-D885E59A34AD}
		{9C22C95F-386B-4B95-8F61-E40853A1583B} = {9B84280F-5814-58CB-A639-D885E59A34AD}
		{9D402F3B-FC30-42D8-B97B-E0FE4625AA54} = {9B84280F-5814-58CB-A639-D885E59A34AD}
		{79B9A86E-ADB8-48E9-B1DA-93C18600B5AD} = {9B84280F-5814-58CB-A639-D885E59A34AD}
		{1A438C27-F39F-41FA-8A4C-8FB26CB45C53} = {9B84280F-5814-58CB-A639-D885E59A34AD}
		{06409C18-B1FE-4EEE-BD00-211E77E38467} = {7F29BA97-E352-F406-4DD6-EB84EFE882EB}
		{327AA11A-A917-4B84-A00F-A74E4D3204E0} = {7F29BA97-E352-F406-4DD6-EB84EFE882EB}
		{E1B53B66-432C-4F32-98BE-F42004DDDBB8} = {7F29BA97-E352-F406-4DD6-EB84EFE882EB}
		{ED045675-8DB2-49F7-B49C-E4DE26799329} = {7F29BA97-E352-F406-4DD6-EB84EFE882EB}
		{0FE60AFE-3FEA-4CB1-A071-AE9289AEBF89} = {5E1EDC01-9AB9-497A-3175-DA8143C62406}
		{5E8C3706-4D50-4815-86E4-991A11340803} = {5E1EDC01-9AB9-497A-3175-DA8143C62406}
		{3B9C58A1-ABFB-4C01-928E-010295DAC9BF} = {5E1EDC01-9AB9-497A-3175-DA8143C62406}
		{9D685C37-F3E8-43A2-9335-BB8AF597C25F} = {5E1EDC01-9AB9-497A-3175-DA8143C62406}
		{7BAD3055-E25E-44C4-88E7-3CF0B652A803} = {5E1EDC01-9AB9-497A-3175-DA8143C62406}
		{49258BD7-0785-4519-B913-88250FD8FB8A} = {5E1EDC01-9AB9-497A-3175-DA8143C62406}
		{55C23D45-723A-45C1-8B19-4D07B0734EBF} = {5E1EDC01-9AB9-497A-3175-DA8143C62406}
		{86417342-1A56-4AF7-BC37-E718F58711F3} = {28CA6542-F502-F1FA-3398-F0FBE2296E1B}
		{BDDF54C9-4294-47B9-8F04-83C2B8E38817} = {28CA6542-F502-F1FA-3398-F0FBE2296E1B}
		{CC77B591-10E5-4107-B477-FE66C14DCCF1} = {28CA6542-F502-F1FA-3398-F0FBE2296E1B}
		{1F7A7BBB-DB91-45F1-B2D4-7EA2A73E0011} = {28CA6542-F502-F1FA-3398-F0FBE2296E1B}
		{F5701FAA-8593-48BA-A0AD-1CB981C7C106} = {28CA6542-F502-F1FA-3398-F0FBE2296E1B}
	EndGlobalSection
	GlobalSection(ExtensibilityGlobals) = postSolution
		SolutionGuid = {BD61DCBB-E6C9-42C2-A0FC-8C63BC324370}
	EndGlobalSection
EndGlobal
